
Microsoft Visual Studio Solution File, Format Version 12.00
# Visual Studio 15
VisualStudioVersion = 15.0.26730.16
MinimumVisualStudioVersion = 10.0.40219.1
Project("{FAE04EC0-301F-11D3-BF4B-00C04F79EFBC}") = "Button", "Button\Button.csproj", "{592AE396-AFFE-4F80-B3F0-B6D916BD075F}"
EndProject
Project("{2150E333-8FDC-42A3-9474-1A3956D46DE8}") = "Solution Items", "Solution Items", "{AEF5BB49-02D6-4EA0-A319-E88FEA313271}"
EndProject
Global
	GlobalSection(SolutionConfigurationPlatforms) = preSolution
		Debug|Any CPU = Debug|Any CPU
		Release|Any CPU = Release|Any CPU
	EndGlobalSection
	GlobalSection(ProjectConfigurationPlatforms) = postSolution
		{592AE396-AFFE-4F80-B3F0-B6D916BD075F}.Debug|Any CPU.ActiveCfg = Debug|Any CPU
		{592AE396-AFFE-4F80-B3F0-B6D916BD075F}.Debug|Any CPU.Build.0 = Debug|Any CPU
		{592AE396-AFFE-4F80-B3F0-B6D916BD075F}.Release|Any CPU.ActiveCfg = Release|Any CPU
		{592AE396-AFFE-4F80-B3F0-B6D916BD075F}.Release|Any CPU.Build.0 = Release|Any CPU
	EndGlobalSection
	GlobalSection(SolutionProperties) = preSolution
		HideSolutionNode = FALSE
	EndGlobalSection
	GlobalSection(ExtensibilityGlobals) = postSolution
		SolutionGuid = {E0499E59-2187-4A71-ACF9-9538EBD31F37}
	EndGlobalSection
EndGlobal
